// !$*UTF8*$!
{
	archiveVersion = 1;
	classes = {
	};
	objectVersion = 77;
	objects = {

/* Begin PBXFileReference section */
		1B3DA7D42F27646C009D3FD1 /* kiot.app */ = {
			isa = PBXFileReference;
			explicitFileType = wrapper.application;
			includeInIndex = 0;
			path = kiot.app;
			sourceTree = BUILT_PRODUCTS_DIR;
		};
/* End PBXFileReference section */

/* Begin PBXFileSystemSynchronizedRootGroup section */
		1B3DA7D62F27646C009D3FD1 /* kiot */ = {
			isa = PBXFileSystemSynchronizedRootGroup;
			path = kiot;
			sourceTree = "<group>";
		};
/* End PBXFileSystemSynchronizedRootGroup section */

/* Begin PBXFrameworksBuildPhase section */
		1B3DA7D12F27646C009D3FD1 /* Frameworks */ = {
			isa = PBXFrameworksBuildPhase;
			buildActionMask = 2147483647;
			files = ();
			runOnlyForDeploymentPostprocessing = 0;
		};
/* End PBXFrameworksBuildPhase section */

/* Begin PBXGroup section */
		1B3DA7CB2F27646C009D3FD1 = {
			isa = PBXGroup;
			children = (
				1B3DA7D62F27646C009D3FD1 /* kiot */,
				1B3DA7D52F27646C009D3FD1 /* Products */,
			);
			sourceTree = "<group>";
		};

		1B3DA7D52F27646C009D3FD1 /* Products */ = {
			isa = PBXGroup;
			children = (
				1B3DA7D42F27646C009D3FD1 /* kiot.app */,
			);
			name = Products;
			sourceTree = "<group>";
		};
/* End PBXGroup section */

/* Begin PBXNativeTarget section */
		1B3DA7D32F27646C009D3FD1 /* kiot */ = {
			isa = PBXNativeTarget;
			buildConfigurationList = 1B3DA7DF2F27646E009D3FD1;
			buildPhases = (
				1B3DA7D02F27646C009D3FD1 /* Sources */,
				1B3DA7D12F27646C009D3FD1 /* Frameworks */,
				1B3DA7D22F27646C009D3FD1 /* Resources */,
			);
			name = kiot;
			productName = kiot;
			productReference = 1B3DA7D42F27646C009D3FD1;
			productType = "com.apple.product-type.application";
			fileSystemSynchronizedGroups = (
				1B3DA7D62F27646C009D3FD1 /* kiot */,
			);
		};
/* End PBXNativeTarget section */

/* Begin PBXProject section */
		1B3DA7CC2F27646C009D3FD1 /* Project object */ = {
			isa = PBXProject;
			buildConfigurationList = 1B3DA7CF2F27646C009D3FD1;
			mainGroup = 1B3DA7CB2F27646C009D3FD1;
			productRefGroup = 1B3DA7D52F27646C009D3FD1;
			targets = (
				1B3DA7D32F27646C009D3FD1 /* kiot */,
			);
			knownRegions = (
				en,
				Base,
			);
			developmentRegion = en;
		};
/* End PBXProject section */

/* Begin PBXResourcesBuildPhase section */
		1B3DA7D22F27646C009D3FD1 /* Resources */ = {
			isa = PBXResourcesBuildPhase;
			buildActionMask = 2147483647;
			files = ();
			runOnlyForDeploymentPostprocessing = 0;
		};
/* End PBXResourcesBuildPhase section */

/* Begin PBXSourcesBuildPhase section */
		1B3DA7D02F27646C009D3FD1 /* Sources */ = {
			isa = PBXSourcesBuildPhase;
			buildActionMask = 2147483647;
			files = ();
			runOnlyForDeploymentPostprocessing = 0;
		};
/* End PBXSourcesBuildPhase section */

/* Begin XCBuildConfiguration section */
		/* Project Debug */
		1B3DA7DD2F27646E009D3FD1 = {
			isa = XCBuildConfiguration;
			name = Debug;
			buildSettings = {
				SWIFT_VERSION = 5.0;
			};
		};

		/* Project Release */
		1B3DA7DE2F27646E009D3FD1 = {
			isa = XCBuildConfiguration;
			name = Release;
			buildSettings = {
				SWIFT_VERSION = 5.0;
			};
		};

		/* Target Debug */
		1B3DA7E02F27646E009D3FD1 = {
			isa = XCBuildConfiguration;
			name = Debug;
			buildSettings = {
				CODE_SIGN_STYLE = Manual;
				CODE_SIGN_IDENTITY = "Apple Distribution";
				DEVELOPMENT_TEAM = 68SXA5MV6R;
				PROVISIONING_PROFILE_SPECIFIER = MyforceUAT;

				PRODUCT_BUNDLE_IDENTIFIER = com.viatris.myforceUAT;
				IPHONEOS_DEPLOYMENT_TARGET = 16.0;
				SDKROOT = iphoneos;
				TARGETED_DEVICE_FAMILY = "1,2";
				GENERATE_INFOPLIST_FILE = YES;
				MARKETING_VERSION = 1.0;
				CURRENT_PROJECT_VERSION = 1;
				SWIFT_VERSION = 5.0;
			};
		};

		/* Target Release */
		1B3DA7E12F27646E009D3FD1 = {
			isa = XCBuildConfiguration;
			name = Release;
			buildSettings = {
				CODE_SIGN_STYLE = Manual;
				CODE_SIGN_IDENTITY = "Apple Distribution";
				DEVELOPMENT_TEAM = 68SXA5MV6R;
				PROVISIONING_PROFILE_SPECIFIER = MyforceUAT;

				PRODUCT_BUNDLE_IDENTIFIER = com.viatris.myforceUAT;
				IPHONEOS_DEPLOYMENT_TARGET = 16.0;
				SDKROOT = iphoneos;
				TARGETED_DEVICE_FAMILY = "1,2";
				GENERATE_INFOPLIST_FILE = YES;
				MARKETING_VERSION = 1.0;
				CURRENT_PROJECT_VERSION = 1;
				SWIFT_VERSION = 5.0;
			};
		};
/* End XCBuildConfiguration section */

/* Begin XCConfigurationList section */
		1B3DA7CF2F27646C009D3FD1 = {
			isa = XCConfigurationList;
			buildConfigurations = (
				1B3DA7DD2F27646E009D3FD1,
				1B3DA7DE2F27646E009D3FD1,
			);
			defaultConfigurationName = Release;
		};

		1B3DA7DF2F27646E009D3FD1 = {
			isa = XCConfigurationList;
			buildConfigurations = (
				1B3DA7E02F27646E009D3FD1,
				1B3DA7E12F27646E009D3FD1,
			);
			defaultConfigurationName = Release;
		};
/* End XCConfigurationList section */
	};

	rootObject = 1B3DA7CC2F27646C009D3FD1;
}
